// !$*UTF8*$!
{
	archiveVersion = 1;
	classes = {
	};
	objectVersion = 48;
	objects = {

/* Begin PBXBuildFile section */
		7AC04F401FA396FB0063D33F /* AppDelegate.swift in Sources */ = {isa = PBXBuildFile; fileRef = 7AC04F3F1FA396FB0063D33F /* AppDelegate.swift */; };
		7AC04F451FA396FB0063D33F /* Main.storyboard in Resources */ = {isa = PBXBuildFile; fileRef = 7AC04F431FA396FB0063D33F /* Main.storyboard */; };
		7AC04F481FA396FB0063D33F /* StarWars.xcdatamodeld in Sources */ = {isa = PBXBuildFile; fileRef = 7AC04F461FA396FB0063D33F /* StarWars.xcdatamodeld */; };
		7AC04F4A1FA396FB0063D33F /* Assets.xcassets in Resources */ = {isa = PBXBuildFile; fileRef = 7AC04F491FA396FB0063D33F /* Assets.xcassets */; };
		7AC04F4D1FA396FB0063D33F /* LaunchScreen.storyboard in Resources */ = {isa = PBXBuildFile; fileRef = 7AC04F4B1FA396FB0063D33F /* LaunchScreen.storyboard */; };
		7AC04F5C1FA3AF8A0063D33F /* IndexMoviesTVC.swift in Sources */ = {isa = PBXBuildFile; fileRef = 7AC04F5B1FA3AF8A0063D33F /* IndexMoviesTVC.swift */; };
		7AC04F5F1FA3B2BB0063D33F /* ControllerAD.swift in Sources */ = {isa = PBXBuildFile; fileRef = 7AC04F5E1FA3B2BB0063D33F /* ControllerAD.swift */; };
		7AC04F631FA3BB090063D33F /* FilmsDP.swift in Sources */ = {isa = PBXBuildFile; fileRef = 7AC04F621FA3BB090063D33F /* FilmsDP.swift */; };
		7AC04F651FA3BBBE0063D33F /* CharactersDP.swift in Sources */ = {isa = PBXBuildFile; fileRef = 7AC04F641FA3BBBE0063D33F /* CharactersDP.swift */; };
		7AC04F671FA3BC070063D33F /* PlanetsDP.swift in Sources */ = {isa = PBXBuildFile; fileRef = 7AC04F661FA3BC070063D33F /* PlanetsDP.swift */; };
		7AC04F6B1FA3BCEB0063D33F /* VehiclesDP.swift in Sources */ = {isa = PBXBuildFile; fileRef = 7AC04F6A1FA3BCEB0063D33F /* VehiclesDP.swift */; };
		7AC04F7A1FA63B010063D33F /* darkIcon.ico in Resources */ = {isa = PBXBuildFile; fileRef = 7AC04F791FA63B010063D33F /* darkIcon.ico */; };
		7AC04F7C1FA642800063D33F /* DetailFilmVC.swift in Sources */ = {isa = PBXBuildFile; fileRef = 7AC04F7B1FA642800063D33F /* DetailFilmVC.swift */; };
		7AC04F7E1FA653AF0063D33F /* nave.png in Resources */ = {isa = PBXBuildFile; fileRef = 7AC04F7D1FA653AE0063D33F /* nave.png */; };
		7AC04F801FA653C80063D33F /* caracteres.ico in Resources */ = {isa = PBXBuildFile; fileRef = 7AC04F7F1FA653C80063D33F /* caracteres.ico */; };
		7AC04F821FA653DC0063D33F /* planet.ico in Resources */ = {isa = PBXBuildFile; fileRef = 7AC04F811FA653DB0063D33F /* planet.ico */; };
		7AC04F851FA656540063D33F /* star_wars.png in Resources */ = {isa = PBXBuildFile; fileRef = 7AC04F841FA656540063D33F /* star_wars.png */; };
		7AC04F871FA65A740063D33F /* CharacterTVC.swift in Sources */ = {isa = PBXBuildFile; fileRef = 7AC04F861FA65A740063D33F /* CharacterTVC.swift */; };
		7AC7A8841FA66FD20077973B /* NaveCVC.swift in Sources */ = {isa = PBXBuildFile; fileRef = 7AC7A8831FA66FD20077973B /* NaveCVC.swift */; };
		7AC7A8861FA6A13D0077973B /* PlanetTVC.swift in Sources */ = {isa = PBXBuildFile; fileRef = 7AC7A8851FA6A13D0077973B /* PlanetTVC.swift */; };
		7AC7A88A1FA6A9600077973B /* Swift+Gift.swift in Sources */ = {isa = PBXBuildFile; fileRef = 7AC7A8891FA6A9600077973B /* Swift+Gift.swift */; };
		7AC7A88C1FA6ABF00077973B /* loading.gif in Resources */ = {isa = PBXBuildFile; fileRef = 7AC7A88B1FA6ABEF0077973B /* loading.gif */; };
		7AC7A88E1FA6F04C0077973B /* star.png in Resources */ = {isa = PBXBuildFile; fileRef = 7AC7A88D1FA6F04C0077973B /* star.png */; };
/* End PBXBuildFile section */

/* Begin PBXFileReference section */
		7AC04F3C1FA396FB0063D33F /* StarWars.app */ = {isa = PBXFileReference; explicitFileType = wrapper.application; includeInIndex = 0; path = StarWars.app; sourceTree = BUILT_PRODUCTS_DIR; };
		7AC04F3F1FA396FB0063D33F /* AppDelegate.swift */ = {isa = PBXFileReference; lastKnownFileType = sourcecode.swift; path = AppDelegate.swift; sourceTree = "<group>"; };
		7AC04F441FA396FB0063D33F /* Base */ = {isa = PBXFileReference; lastKnownFileType = file.storyboard; name = Base; path = Base.lproj/Main.storyboard; sourceTree = "<group>"; };
		7AC04F471FA396FB0063D33F /* StarWars.xcdatamodel */ = {isa = PBXFileReference; lastKnownFileType = wrapper.xcdatamodel; path = StarWars.xcdatamodel; sourceTree = "<group>"; };
		7AC04F491FA396FB0063D33F /* Assets.xcassets */ = {isa = PBXFileReference; lastKnownFileType = folder.assetcatalog; path = Assets.xcassets; sourceTree = "<group>"; };
		7AC04F4C1FA396FB0063D33F /* Base */ = {isa = PBXFileReference; lastKnownFileType = file.storyboard; name = Base; path = Base.lproj/LaunchScreen.storyboard; sourceTree = "<group>"; };
		7AC04F4E1FA396FB0063D33F /* Info.plist */ = {isa = PBXFileReference; lastKnownFileType = text.plist.xml; path = Info.plist; sourceTree = "<group>"; };
		7AC04F5B1FA3AF8A0063D33F /* IndexMoviesTVC.swift */ = {isa = PBXFileReference; lastKnownFileType = sourcecode.swift; path = IndexMoviesTVC.swift; sourceTree = "<group>"; };
		7AC04F5E1FA3B2BB0063D33F /* ControllerAD.swift */ = {isa = PBXFileReference; lastKnownFileType = sourcecode.swift; path = ControllerAD.swift; sourceTree = "<group>"; };
		7AC04F621FA3BB090063D33F /* FilmsDP.swift */ = {isa = PBXFileReference; lastKnownFileType = sourcecode.swift; path = FilmsDP.swift; sourceTree = "<group>"; };
		7AC04F641FA3BBBE0063D33F /* CharactersDP.swift */ = {isa = PBXFileReference; lastKnownFileType = sourcecode.swift; path = CharactersDP.swift; sourceTree = "<group>"; };
		7AC04F661FA3BC070063D33F /* PlanetsDP.swift */ = {isa = PBXFileReference; lastKnownFileType = sourcecode.swift; path = PlanetsDP.swift; sourceTree = "<group>"; };
		7AC04F6A1FA3BCEB0063D33F /* VehiclesDP.swift */ = {isa = PBXFileReference; lastKnownFileType = sourcecode.swift; path = VehiclesDP.swift; sourceTree = "<group>"; };
		7AC04F791FA63B010063D33F /* darkIcon.ico */ = {isa = PBXFileReference; lastKnownFileType = image.ico; path = darkIcon.ico; sourceTree = "<group>"; };
		7AC04F7B1FA642800063D33F /* DetailFilmVC.swift */ = {isa = PBXFileReference; lastKnownFileType = sourcecode.swift; path = DetailFilmVC.swift; sourceTree = "<group>"; };
		7AC04F7D1FA653AE0063D33F /* nave.png */ = {isa = PBXFileReference; lastKnownFileType = image.png; path = nave.png; sourceTree = "<group>"; };
		7AC04F7F1FA653C80063D33F /* caracteres.ico */ = {isa = PBXFileReference; lastKnownFileType = image.ico; path = caracteres.ico; sourceTree = "<group>"; };
		7AC04F811FA653DB0063D33F /* planet.ico */ = {isa = PBXFileReference; lastKnownFileType = image.ico; path = planet.ico; sourceTree = "<group>"; };
		7AC04F841FA656540063D33F /* star_wars.png */ = {isa = PBXFileReference; lastKnownFileType = image.png; path = star_wars.png; sourceTree = "<group>"; };
		7AC04F861FA65A740063D33F /* CharacterTVC.swift */ = {isa = PBXFileReference; lastKnownFileType = sourcecode.swift; path = CharacterTVC.swift; sourceTree = "<group>"; };
		7AC7A8831FA66FD20077973B /* NaveCVC.swift */ = {isa = PBXFileReference; lastKnownFileType = sourcecode.swift; path = NaveCVC.swift; sourceTree = "<group>"; };
		7AC7A8851FA6A13D0077973B /* PlanetTVC.swift */ = {isa = PBXFileReference; lastKnownFileType = sourcecode.swift; path = PlanetTVC.swift; sourceTree = "<group>"; };
		7AC7A8891FA6A9600077973B /* Swift+Gift.swift */ = {isa = PBXFileReference; lastKnownFileType = sourcecode.swift; path = "Swift+Gift.swift"; sourceTree = "<group>"; };
		7AC7A88B1FA6ABEF0077973B /* loading.gif */ = {isa = PBXFileReference; lastKnownFileType = image.gif; path = loading.gif; sourceTree = "<group>"; };
		7AC7A88D1FA6F04C0077973B /* star.png */ = {isa = PBXFileReference; lastKnownFileType = image.png; path = star.png; sourceTree = "<group>"; };
/* End PBXFileReference section */

/* Begin PBXFrameworksBuildPhase section */
		7AC04F391FA396FB0063D33F /* Frameworks */ = {
			isa = PBXFrameworksBuildPhase;
			buildActionMask = 2147483647;
			files = (
			);
			runOnlyForDeploymentPostprocessing = 0;
		};
/* End PBXFrameworksBuildPhase section */

/* Begin PBXGroup section */
		7AC04F331FA396FB0063D33F = {
			isa = PBXGroup;
			children = (
				7AC04F3E1FA396FB0063D33F /* StarWars */,
				7AC04F3D1FA396FB0063D33F /* Products */,
			);
			sourceTree = "<group>";
		};
		7AC04F3D1FA396FB0063D33F /* Products */ = {
			isa = PBXGroup;
			children = (
				7AC04F3C1FA396FB0063D33F /* StarWars.app */,
			);
			name = Products;
			sourceTree = "<group>";
		};
		7AC04F3E1FA396FB0063D33F /* StarWars */ = {
			isa = PBXGroup;
			children = (
				7AC04F831FA653DF0063D33F /* Images */,
				7AC04F5D1FA3B2430063D33F /* Controller */,
				7AC04F5A1FA3AF390063D33F /* Model */,
				7AC04F571FA39AF50063D33F /* Storyboard */,
				7AC04F561FA399340063D33F /* Views */,
				7AC04F3F1FA396FB0063D33F /* AppDelegate.swift */,
				7AC04F491FA396FB0063D33F /* Assets.xcassets */,
				7AC04F4E1FA396FB0063D33F /* Info.plist */,
				7AC04F461FA396FB0063D33F /* StarWars.xcdatamodeld */,
			);
			path = StarWars;
			sourceTree = "<group>";
		};
		7AC04F561FA399340063D33F /* Views */ = {
			isa = PBXGroup;
			children = (
				7AC7A8821FA66FB20077973B /* CVC */,
				7AC04F591FA3AF310063D33F /* VC */,
				7AC04F581FA3AF290063D33F /* TVC */,
			);
			path = Views;
			sourceTree = "<group>";
		};
		7AC04F571FA39AF50063D33F /* Storyboard */ = {
			isa = PBXGroup;
			children = (
				7AC04F431FA396FB0063D33F /* Main.storyboard */,
				7AC04F4B1FA396FB0063D33F /* LaunchScreen.storyboard */,
			);
			path = Storyboard;
			sourceTree = "<group>";
		};
		7AC04F581FA3AF290063D33F /* TVC */ = {
			isa = PBXGroup;
			children = (
				7AC04F5B1FA3AF8A0063D33F /* IndexMoviesTVC.swift */,
				7AC04F861FA65A740063D33F /* CharacterTVC.swift */,
				7AC7A8851FA6A13D0077973B /* PlanetTVC.swift */,
			);
			path = TVC;
			sourceTree = "<group>";
		};
		7AC04F591FA3AF310063D33F /* VC */ = {
			isa = PBXGroup;
			children = (
				7AC7A8891FA6A9600077973B /* Swift+Gift.swift */,
				7AC04F7B1FA642800063D33F /* DetailFilmVC.swift */,
			);
			path = VC;
			sourceTree = "<group>";
		};
		7AC04F5A1FA3AF390063D33F /* Model */ = {
			isa = PBXGroup;
			children = (
				7AC04F621FA3BB090063D33F /* FilmsDP.swift */,
				7AC04F641FA3BBBE0063D33F /* CharactersDP.swift */,
				7AC04F661FA3BC070063D33F /* PlanetsDP.swift */,
				7AC04F6A1FA3BCEB0063D33F /* VehiclesDP.swift */,
			);
			path = Model;
			sourceTree = "<group>";
		};
		7AC04F5D1FA3B2430063D33F /* Controller */ = {
			isa = PBXGroup;
			children = (
				7AC04F5E1FA3B2BB0063D33F /* ControllerAD.swift */,
			);
			path = Controller;
			sourceTree = "<group>";
		};
		7AC04F831FA653DF0063D33F /* Images */ = {
			isa = PBXGroup;
			children = (
				7AC7A88D1FA6F04C0077973B /* star.png */,
				7AC04F791FA63B010063D33F /* darkIcon.ico */,
				7AC04F811FA653DB0063D33F /* planet.ico */,
				7AC04F7F1FA653C80063D33F /* caracteres.ico */,
				7AC04F7D1FA653AE0063D33F /* nave.png */,
				7AC04F841FA656540063D33F /* star_wars.png */,
				7AC7A88B1FA6ABEF0077973B /* loading.gif */,
			);
			path = Images;
			sourceTree = "<group>";
		};
		7AC7A8821FA66FB20077973B /* CVC */ = {
			isa = PBXGroup;
			children = (
				7AC7A8831FA66FD20077973B /* NaveCVC.swift */,
			);
			path = CVC;
			sourceTree = "<group>";
		};
/* End PBXGroup section */

/* Begin PBXNativeTarget section */
		7AC04F3B1FA396FB0063D33F /* StarWars */ = {
			isa = PBXNativeTarget;
			buildConfigurationList = 7AC04F511FA396FB0063D33F /* Build configuration list for PBXNativeTarget "StarWars" */;
			buildPhases = (
				7AC04F381FA396FB0063D33F /* Sources */,
				7AC04F391FA396FB0063D33F /* Frameworks */,
				7AC04F3A1FA396FB0063D33F /* Resources */,
			);
			buildRules = (
			);
			dependencies = (
			);
			name = StarWars;
			productName = StarWars;
			productReference = 7AC04F3C1FA396FB0063D33F /* StarWars.app */;
			productType = "com.apple.product-type.application";
		};
/* End PBXNativeTarget section */

/* Begin PBXProject section */
		7AC04F341FA396FB0063D33F /* Project object */ = {
			isa = PBXProject;
			attributes = {
				LastSwiftUpdateCheck = 0900;
				LastUpgradeCheck = 0900;
				ORGANIZATIONNAME = "Ivan Lopez Ansaldo";
				TargetAttributes = {
					7AC04F3B1FA396FB0063D33F = {
						CreatedOnToolsVersion = 9.0.1;
						ProvisioningStyle = Automatic;
					};
				};
			};
			buildConfigurationList = 7AC04F371FA396FB0063D33F /* Build configuration list for PBXProject "StarWars" */;
			compatibilityVersion = "Xcode 8.0";
			developmentRegion = en;
			hasScannedForEncodings = 0;
			knownRegions = (
				en,
				Base,
			);
			mainGroup = 7AC04F331FA396FB0063D33F;
			productRefGroup = 7AC04F3D1FA396FB0063D33F /* Products */;
			projectDirPath = "";
			projectRoot = "";
			targets = (
				7AC04F3B1FA396FB0063D33F /* StarWars */,
			);
		};
/* End PBXProject section */

/* Begin PBXResourcesBuildPhase section */
		7AC04F3A1FA396FB0063D33F /* Resources */ = {
			isa = PBXResourcesBuildPhase;
			buildActionMask = 2147483647;
			files = (
				7AC04F4D1FA396FB0063D33F /* LaunchScreen.storyboard in Resources */,
				7AC7A88E1FA6F04C0077973B /* star.png in Resources */,
				7AC04F7E1FA653AF0063D33F /* nave.png in Resources */,
				7AC04F821FA653DC0063D33F /* planet.ico in Resources */,
				7AC04F801FA653C80063D33F /* caracteres.ico in Resources */,
				7AC04F7A1FA63B010063D33F /* darkIcon.ico in Resources */,
				7AC04F4A1FA396FB0063D33F /* Assets.xcassets in Resources */,
				7AC7A88C1FA6ABF00077973B /* loading.gif in Resources */,
				7AC04F851FA656540063D33F /* star_wars.png in Resources */,
				7AC04F451FA396FB0063D33F /* Main.storyboard in Resources */,
			);
			runOnlyForDeploymentPostprocessing = 0;
		};
/* End PBXResourcesBuildPhase section */

/* Begin PBXSourcesBuildPhase section */
		7AC04F381FA396FB0063D33F /* Sources */ = {
			isa = PBXSourcesBuildPhase;
			buildActionMask = 2147483647;
			files = (
				7AC04F7C1FA642800063D33F /* DetailFilmVC.swift in Sources */,
				7AC04F6B1FA3BCEB0063D33F /* VehiclesDP.swift in Sources */,
				7AC04F401FA396FB0063D33F /* AppDelegate.swift in Sources */,
				7AC7A8861FA6A13D0077973B /* PlanetTVC.swift in Sources */,
				7AC7A88A1FA6A9600077973B /* Swift+Gift.swift in Sources */,
				7AC04F651FA3BBBE0063D33F /* CharactersDP.swift in Sources */,
				7AC04F481FA396FB0063D33F /* StarWars.xcdatamodeld in Sources */,
				7AC04F871FA65A740063D33F /* CharacterTVC.swift in Sources */,
				7AC7A8841FA66FD20077973B /* NaveCVC.swift in Sources */,
				7AC04F5F1FA3B2BB0063D33F /* ControllerAD.swift in Sources */,
				7AC04F5C1FA3AF8A0063D33F /* IndexMoviesTVC.swift in Sources */,
				7AC04F631FA3BB090063D33F /* FilmsDP.swift in Sources */,
				7AC04F671FA3BC070063D33F /* PlanetsDP.swift in Sources */,
			);
			runOnlyForDeploymentPostprocessing = 0;
		};
/* End PBXSourcesBuildPhase section */

/* Begin PBXVariantGroup section */
		7AC04F431FA396FB0063D33F /* Main.storyboard */ = {
			isa = PBXVariantGroup;
			children = (
				7AC04F441FA396FB0063D33F /* Base */,
			);
			name = Main.storyboard;
			sourceTree = "<group>";
		};
		7AC04F4B1FA396FB0063D33F /* LaunchScreen.storyboard */ = {
			isa = PBXVariantGroup;
			children = (
				7AC04F4C1FA396FB0063D33F /* Base */,
			);
			name = LaunchScreen.storyboard;
			sourceTree = "<group>";
		};
/* End PBXVariantGroup section */

/* Begin XCBuildConfiguration section */
		7AC04F4F1FA396FB0063D33F /* Debug */ = {
			isa = XCBuildConfiguration;
			buildSettings = {
				ALWAYS_SEARCH_USER_PATHS = NO;
				CLANG_ANALYZER_NONNULL = YES;
				CLANG_ANALYZER_NUMBER_OBJECT_CONVERSION = YES_AGGRESSIVE;
				CLANG_CXX_LANGUAGE_STANDARD = "gnu++14";
				CLANG_CXX_LIBRARY = "libc++";
				CLANG_ENABLE_MODULES = YES;
				CLANG_ENABLE_OBJC_ARC = YES;
				CLANG_WARN_BLOCK_CAPTURE_AUTORELEASING = YES;
				CLANG_WARN_BOOL_CONVERSION = YES;
				CLANG_WARN_COMMA = YES;
				CLANG_WARN_CONSTANT_CONVERSION = YES;
				CLANG_WARN_DIRECT_OBJC_ISA_USAGE = YES_ERROR;
				CLANG_WARN_DOCUMENTATION_COMMENTS = YES;
				CLANG_WARN_EMPTY_BODY = YES;
				CLANG_WARN_ENUM_CONVERSION = YES;
				CLANG_WARN_INFINITE_RECURSION = YES;
				CLANG_WARN_INT_CONVERSION = YES;
				CLANG_WARN_NON_LITERAL_NULL_CONVERSION = YES;
				CLANG_WARN_OBJC_LITERAL_CONVERSION = YES;
				CLANG_WARN_OBJC_ROOT_CLASS = YES_ERROR;
				CLANG_WARN_RANGE_LOOP_ANALYSIS = YES;
				CLANG_WARN_STRICT_PROTOTYPES = YES;
				CLANG_WARN_SUSPICIOUS_MOVE = YES;
				CLANG_WARN_UNGUARDED_AVAILABILITY = YES_AGGRESSIVE;
				CLANG_WARN_UNREACHABLE_CODE = YES;
				CLANG_WARN__DUPLICATE_METHOD_MATCH = YES;
				CODE_SIGN_IDENTITY = "iPhone Developer";
				COPY_PHASE_STRIP = NO;
				DEBUG_INFORMATION_FORMAT = dwarf;
				ENABLE_STRICT_OBJC_MSGSEND = YES;
				ENABLE_TESTABILITY = YES;
				GCC_C_LANGUAGE_STANDARD = gnu11;
				GCC_DYNAMIC_NO_PIC = NO;
				GCC_NO_COMMON_BLOCKS = YES;
				GCC_OPTIMIZATION_LEVEL = 0;
				GCC_PREPROCESSOR_DEFINITIONS = (
					"DEBUG=1",
					"$(inherited)",
				);
				GCC_WARN_64_TO_32_BIT_CONVERSION = YES;
				GCC_WARN_ABOUT_RETURN_TYPE = YES_ERROR;
				GCC_WARN_UNDECLARED_SELECTOR = YES;
				GCC_WARN_UNINITIALIZED_AUTOS = YES_AGGRESSIVE;
				GCC_WARN_UNUSED_FUNCTION = YES;
				GCC_WARN_UNUSED_VARIABLE = YES;
				IPHONEOS_DEPLOYMENT_TARGET = 11.0;
				MTL_ENABLE_DEBUG_INFO = YES;
				ONLY_ACTIVE_ARCH = YES;
				SDKROOT = iphoneos;
				SWIFT_ACTIVE_COMPILATION_CONDITIONS = DEBUG;
				SWIFT_OPTIMIZATION_LEVEL = "-Onone";
			};
			name = Debug;
		};
		7AC04F501FA396FB0063D33F /* Release */ = {
			isa = XCBuildConfiguration;
			buildSettings = {
				ALWAYS_SEARCH_USER_PATHS = NO;
				CLANG_ANALYZER_NONNULL = YES;
				CLANG_ANALYZER_NUMBER_OBJECT_CONVERSION = YES_AGGRESSIVE;
				CLANG_CXX_LANGUAGE_STANDARD = "gnu++14";
				CLANG_CXX_LIBRARY = "libc++";
				CLANG_ENABLE_MODULES = YES;
				CLANG_ENABLE_OBJC_ARC = YES;
				CLANG_WARN_BLOCK_CAPTURE_AUTORELEASING = YES;
				CLANG_WARN_BOOL_CONVERSION = YES;
				CLANG_WARN_COMMA = YES;
				CLANG_WARN_CONSTANT_CONVERSION = YES;
				CLANG_WARN_DIRECT_OBJC_ISA_USAGE = YES_ERROR;
				CLANG_WARN_DOCUMENTATION_COMMENTS = YES;
				CLANG_WARN_EMPTY_BODY = YES;
				CLANG_WARN_ENUM_CONVERSION = YES;
				CLANG_WARN_INFINITE_RECURSION = YES;
				CLANG_WARN_INT_CONVERSION = YES;
				CLANG_WARN_NON_LITERAL_NULL_CONVERSION = YES;
				CLANG_WARN_OBJC_LITERAL_CONVERSION = YES;
				CLANG_WARN_OBJC_ROOT_CLASS = YES_ERROR;
				CLANG_WARN_RANGE_LOOP_ANALYSIS = YES;
				CLANG_WARN_STRICT_PROTOTYPES = YES;
				CLANG_WARN_SUSPICIOUS_MOVE = YES;
				CLANG_WARN_UNGUARDED_AVAILABILITY = YES_AGGRESSIVE;
				CLANG_WARN_UNREACHABLE_CODE = YES;
				CLANG_WARN__DUPLICATE_METHOD_MATCH = YES;
				CODE_SIGN_IDENTITY = "iPhone Developer";
				COPY_PHASE_STRIP = NO;
				DEBUG_INFORMATION_FORMAT = "dwarf-with-dsym";
				ENABLE_NS_ASSERTIONS = NO;
				ENABLE_STRICT_OBJC_MSGSEND = YES;
				GCC_C_LANGUAGE_STANDARD = gnu11;
				GCC_NO_COMMON_BLOCKS = YES;
				GCC_WARN_64_TO_32_BIT_CONVERSION = YES;
				GCC_WARN_ABOUT_RETURN_TYPE = YES_ERROR;
				GCC_WARN_UNDECLARED_SELECTOR = YES;
				GCC_WARN_UNINITIALIZED_AUTOS = YES_AGGRESSIVE;
				GCC_WARN_UNUSED_FUNCTION = YES;
				GCC_WARN_UNUSED_VARIABLE = YES;
				IPHONEOS_DEPLOYMENT_TARGET = 11.0;
				MTL_ENABLE_DEBUG_INFO = NO;
				SDKROOT = iphoneos;
				SWIFT_OPTIMIZATION_LEVEL = "-Owholemodule";
				VALIDATE_PRODUCT = YES;
			};
			name = Release;
		};
		7AC04F521FA396FB0063D33F /* Debug */ = {
			isa = XCBuildConfiguration;
			buildSettings = {
				ASSETCATALOG_COMPILER_APPICON_NAME = AppIcon;
				CODE_SIGN_STYLE = Automatic;
				DEVELOPMENT_TEAM = MBBNY4QZ65;
				INFOPLIST_FILE = StarWars/Info.plist;
				LD_RUNPATH_SEARCH_PATHS = "$(inherited) @executable_path/Frameworks";
				PRODUCT_BUNDLE_IDENTIFIER = ITESM.StarWars;
				PRODUCT_NAME = "$(TARGET_NAME)";
				SWIFT_VERSION = 4.0;
				TARGETED_DEVICE_FAMILY = "1,2";
			};
			name = Debug;
		};
		7AC04F531FA396FB0063D33F /* Release */ = {
			isa = XCBuildConfiguration;
			buildSettings = {
				ASSETCATALOG_COMPILER_APPICON_NAME = AppIcon;
				CODE_SIGN_STYLE = Automatic;
				DEVELOPMENT_TEAM = MBBNY4QZ65;
				INFOPLIST_FILE = StarWars/Info.plist;
				LD_RUNPATH_SEARCH_PATHS = "$(inherited) @executable_path/Frameworks";
				PRODUCT_BUNDLE_IDENTIFIER = ITESM.StarWars;
				PRODUCT_NAME = "$(TARGET_NAME)";
				SWIFT_VERSION = 4.0;
				TARGETED_DEVICE_FAMILY = "1,2";
			};
			name = Release;
		};
/* End XCBuildConfiguration section */

/* Begin XCConfigurationList section */
		7AC04F371FA396FB0063D33F /* Build configuration list for PBXProject "StarWars" */ = {
			isa = XCConfigurationList;
			buildConfigurations = (
				7AC04F4F1FA396FB0063D33F /* Debug */,
				7AC04F501FA396FB0063D33F /* Release */,
			);
			defaultConfigurationIsVisible = 0;
			defaultConfigurationName = Release;
		};
		7AC04F511FA396FB0063D33F /* Build configuration list for PBXNativeTarget "StarWars" */ = {
			isa = XCConfigurationList;
			buildConfigurations = (
				7AC04F521FA396FB0063D33F /* Debug */,
				7AC04F531FA396FB0063D33F /* Release */,
			);
			defaultConfigurationIsVisible = 0;
			defaultConfigurationName = Release;
		};
/* End XCConfigurationList section */

/* Begin XCVersionGroup section */
		7AC04F461FA396FB0063D33F /* StarWars.xcdatamodeld */ = {
			isa = XCVersionGroup;
			children = (
				7AC04F471FA396FB0063D33F /* StarWars.xcdatamodel */,
			);
			currentVersion = 7AC04F471FA396FB0063D33F /* StarWars.xcdatamodel */;
			path = StarWars.xcdatamodeld;
			sourceTree = "<group>";
			versionGroupType = wrapper.xcdatamodel;
		};
/* End XCVersionGroup section */
	};
	rootObject = 7AC04F341FA396FB0063D33F /* Project object */;
}
